
Microsoft Visual Studio Solution File, Format Version 12.00
# Visual Studio Version 17
VisualStudioVersion = 17.0.31612.314
MinimumVisualStudioVersion = 10.0.40219.1
Project("{FAE04EC0-301F-11D3-BF4B-00C04F79EFBC}") = "LoginScreen", "LoginScreen\LoginScreen.csproj", "{68D30A63-41F2-448C-B29A-4DC86B33BED8}"
EndProject
Global
	GlobalSection(SolutionConfigurationPlatforms) = preSolution
		Debug|Any CPU = Debug|Any CPU
		Release|Any CPU = Release|Any CPU
	EndGlobalSection
	GlobalSection(ProjectConfigurationPlatforms) = postSolution
		{68D30A63-41F2-448C-B29A-4DC86B33BED8}.Debug|Any CPU.ActiveCfg = Debug|Any CPU
		{68D30A63-41F2-448C-B29A-4DC86B33BED8}.Debug|Any CPU.Build.0 = Debug|Any CPU
		{68D30A63-41F2-448C-B29A-4DC86B33BED8}.Release|Any CPU.ActiveCfg = Release|Any CPU
		{68D30A63-41F2-448C-B29A-4DC86B33BED8}.Release|Any CPU.Build.0 = Release|Any CPU
	EndGlobalSection
	GlobalSection(SolutionProperties) = preSolution
		HideSolutionNode = FALSE
	EndGlobalSection
	GlobalSection(ExtensibilityGlobals) = postSolution
		SolutionGuid = {FA25DA4A-74C5-4D73-9441-C6E409F10A11}
	EndGlobalSection
EndGlobal
